
Microsoft Visual Studio Solution File, Format Version 12.00
# Visual Studio Version 17
VisualStudioVersion = 17.1.32210.238
MinimumVisualStudioVersion = 10.0.40219.1
Project("{8BC9CEB8-8B4A-11D0-8D11-00A0C91BC942}") = "GameServer", "GameServer\GameServer\GameServer.vcxproj", "{93F80160-07A8-42A6-B46C-70B72AFF74C4}"
	ProjectSection(ProjectDependencies) = postProject
		{9E74B452-FE38-4218-92F0-04D9433C698A} = {9E74B452-FE38-4218-92F0-04D9433C698A}
		{54285DAD-577B-43C1-905D-7B0A99E968ED} = {54285DAD-577B-43C1-905D-7B0A99E968ED}
	EndProjectSection
EndProject
Project("{8BC9CEB8-8B4A-11D0-8D11-00A0C91BC942}") = "ConnectServer", "ConnectServer\ConnectServer\ConnectServer.vcxproj", "{206DE6CA-4B65-4027-B96D-69DBC02AEF53}"
EndProject
Project("{8BC9CEB8-8B4A-11D0-8D11-00A0C91BC942}") = "DataServer", "DataServer\DataServer\DataServer.vcxproj", "{DCCBB883-D3B5-486A-8658-4E469C575023}"
EndProject
Project("{8BC9CEB8-8B4A-11D0-8D11-00A0C91BC942}") = "JoinServer", "JoinServer\JoinServer\JoinServer.vcxproj", "{1BEFA73B-17C6-4E97-A35F-A4CBFA7678A1}"
	ProjectSection(ProjectDependencies) = postProject
		{D6A9A3F3-1312-4494-85B8-7CE7DD4D78F4} = {D6A9A3F3-1312-4494-85B8-7CE7DD4D78F4}
	EndProjectSection
EndProject
Project("{2150E333-8FDC-42A3-9474-1A3956D46DE8}") = "Utils", "Utils", "{4CE5F99C-9748-4F31-8015-54BD5FFE8685}"
EndProject
Project("{8BC9CEB8-8B4A-11D0-8D11-00A0C91BC942}") = "libbcrypt", "Util\libbcrypt\vs2019\libbcrypt\libbcrypt.vcxproj", "{D6A9A3F3-1312-4494-85B8-7CE7DD4D78F4}"
EndProject
Project("{8BC9CEB8-8B4A-11D0-8D11-00A0C91BC942}") = "liblua", "Util\liblua\liblua.vcxproj", "{9E74B452-FE38-4218-92F0-04D9433C698A}"
EndProject
Project("{8BC9CEB8-8B4A-11D0-8D11-00A0C91BC942}") = "libpugixml", "Util\libpugixml\libpugixml.vcxproj", "{54285DAD-577B-43C1-905D-7B0A99E968ED}"
EndProject
Global
	GlobalSection(SolutionConfigurationPlatforms) = preSolution
		Debug|Win32 = Debug|Win32
		NewClient|Win32 = NewClient|Win32
		NewClientCS|Win32 = NewClientCS|Win32
		Release_EX401|Win32 = Release_EX401|Win32
		Release_EX401CS|Win32 = Release_EX401CS|Win32
		Release_EX603|Win32 = Release_EX603|Win32
		Release_EX603CS|Win32 = Release_EX603CS|Win32
		Release_EX803|Win32 = Release_EX803|Win32
		Release_EX803CS|Win32 = Release_EX803CS|Win32
	EndGlobalSection
	GlobalSection(ProjectConfigurationPlatforms) = postSolution
		{93F80160-07A8-42A6-B46C-70B72AFF74C4}.Debug|Win32.ActiveCfg = Debug|Win32
		{93F80160-07A8-42A6-B46C-70B72AFF74C4}.Debug|Win32.Build.0 = Debug|Win32
		{93F80160-07A8-42A6-B46C-70B72AFF74C4}.NewClient|Win32.ActiveCfg = NewClient|Win32
		{93F80160-07A8-42A6-B46C-70B72AFF74C4}.NewClient|Win32.Build.0 = NewClient|Win32
		{93F80160-07A8-42A6-B46C-70B72AFF74C4}.NewClient|Win32.Deploy.0 = NewClient|Win32
		{93F80160-07A8-42A6-B46C-70B72AFF74C4}.NewClientCS|Win32.ActiveCfg = NewClientCS|Win32
		{93F80160-07A8-42A6-B46C-70B72AFF74C4}.NewClientCS|Win32.Build.0 = NewClientCS|Win32
		{93F80160-07A8-42A6-B46C-70B72AFF74C4}.Release_EX401|Win32.ActiveCfg = Release_EX401|Win32
		{93F80160-07A8-42A6-B46C-70B72AFF74C4}.Release_EX401|Win32.Build.0 = Release_EX401|Win32
		{93F80160-07A8-42A6-B46C-70B72AFF74C4}.Release_EX401CS|Win32.ActiveCfg = Release_EX401CS|Win32
		{93F80160-07A8-42A6-B46C-70B72AFF74C4}.Release_EX401CS|Win32.Build.0 = Release_EX401CS|Win32
		{93F80160-07A8-42A6-B46C-70B72AFF74C4}.Release_EX603|Win32.ActiveCfg = Release_EX603|Win32
		{93F80160-07A8-42A6-B46C-70B72AFF74C4}.Release_EX603|Win32.Build.0 = Release_EX603|Win32
		{93F80160-07A8-42A6-B46C-70B72AFF74C4}.Release_EX603CS|Win32.ActiveCfg = Release_EX603CS|Win32
		{93F80160-07A8-42A6-B46C-70B72AFF74C4}.Release_EX603CS|Win32.Build.0 = Release_EX603CS|Win32
		{93F80160-07A8-42A6-B46C-70B72AFF74C4}.Release_EX803|Win32.ActiveCfg = EX803_TEST|Win32
		{93F80160-07A8-42A6-B46C-70B72AFF74C4}.Release_EX803|Win32.Build.0 = EX803_TEST|Win32
		{93F80160-07A8-42A6-B46C-70B72AFF74C4}.Release_EX803CS|Win32.ActiveCfg = Release_EX803CS|Win32
		{93F80160-07A8-42A6-B46C-70B72AFF74C4}.Release_EX803CS|Win32.Build.0 = Release_EX803CS|Win32
		{206DE6CA-4B65-4027-B96D-69DBC02AEF53}.Debug|Win32.ActiveCfg = Debug|Win32
		{206DE6CA-4B65-4027-B96D-69DBC02AEF53}.Debug|Win32.Build.0 = Debug|Win32
		{206DE6CA-4B65-4027-B96D-69DBC02AEF53}.NewClient|Win32.ActiveCfg = NewClient|Win32
		{206DE6CA-4B65-4027-B96D-69DBC02AEF53}.NewClient|Win32.Build.0 = NewClient|Win32
		{206DE6CA-4B65-4027-B96D-69DBC02AEF53}.NewClientCS|Win32.ActiveCfg = NewClientCS|Win32
		{206DE6CA-4B65-4027-B96D-69DBC02AEF53}.NewClientCS|Win32.Build.0 = NewClientCS|Win32
		{206DE6CA-4B65-4027-B96D-69DBC02AEF53}.Release_EX401|Win32.ActiveCfg = Release_EX401|Win32
		{206DE6CA-4B65-4027-B96D-69DBC02AEF53}.Release_EX401|Win32.Build.0 = Release_EX401|Win32
		{206DE6CA-4B65-4027-B96D-69DBC02AEF53}.Release_EX401CS|Win32.ActiveCfg = Release_EX401|Win32
		{206DE6CA-4B65-4027-B96D-69DBC02AEF53}.Release_EX401CS|Win32.Build.0 = Release_EX401|Win32
		{206DE6CA-4B65-4027-B96D-69DBC02AEF53}.Release_EX603|Win32.ActiveCfg = Release_EX603|Win32
		{206DE6CA-4B65-4027-B96D-69DBC02AEF53}.Release_EX603|Win32.Build.0 = Release_EX603|Win32
		{206DE6CA-4B65-4027-B96D-69DBC02AEF53}.Release_EX603CS|Win32.ActiveCfg = Release_EX603|Win32
		{206DE6CA-4B65-4027-B96D-69DBC02AEF53}.Release_EX603CS|Win32.Build.0 = Release_EX603|Win32
		{206DE6CA-4B65-4027-B96D-69DBC02AEF53}.Release_EX803|Win32.ActiveCfg = Release_EX803|Win32
		{206DE6CA-4B65-4027-B96D-69DBC02AEF53}.Release_EX803|Win32.Build.0 = Release_EX803|Win32
		{206DE6CA-4B65-4027-B96D-69DBC02AEF53}.Release_EX803CS|Win32.ActiveCfg = Release_EX803|Win32
		{206DE6CA-4B65-4027-B96D-69DBC02AEF53}.Release_EX803CS|Win32.Build.0 = Release_EX803|Win32
		{DCCBB883-D3B5-486A-8658-4E469C575023}.Debug|Win32.ActiveCfg = Debug|Win32
		{DCCBB883-D3B5-486A-8658-4E469C575023}.Debug|Win32.Build.0 = Debug|Win32
		{DCCBB883-D3B5-486A-8658-4E469C575023}.NewClient|Win32.ActiveCfg = NewClient|Win32
		{DCCBB883-D3B5-486A-8658-4E469C575023}.NewClient|Win32.Build.0 = NewClient|Win32
		{DCCBB883-D3B5-486A-8658-4E469C575023}.NewClientCS|Win32.ActiveCfg = NewClientCS|Win32
		{DCCBB883-D3B5-486A-8658-4E469C575023}.NewClientCS|Win32.Build.0 = NewClientCS|Win32
		{DCCBB883-D3B5-486A-8658-4E469C575023}.Release_EX401|Win32.ActiveCfg = Release_EX401|Win32
		{DCCBB883-D3B5-486A-8658-4E469C575023}.Release_EX401|Win32.Build.0 = Release_EX401|Win32
		{DCCBB883-D3B5-486A-8658-4E469C575023}.Release_EX401CS|Win32.ActiveCfg = Release_EX401|Win32
		{DCCBB883-D3B5-486A-8658-4E469C575023}.Release_EX401CS|Win32.Build.0 = Release_EX401|Win32
		{DCCBB883-D3B5-486A-8658-4E469C575023}.Release_EX603|Win32.ActiveCfg = Release_EX603|Win32
		{DCCBB883-D3B5-486A-8658-4E469C575023}.Release_EX603|Win32.Build.0 = Release_EX603|Win32
		{DCCBB883-D3B5-486A-8658-4E469C575023}.Release_EX603CS|Win32.ActiveCfg = Release_EX603|Win32
		{DCCBB883-D3B5-486A-8658-4E469C575023}.Release_EX603CS|Win32.Build.0 = Release_EX603|Win32
		{DCCBB883-D3B5-486A-8658-4E469C575023}.Release_EX803|Win32.ActiveCfg = Release_EX803|Win32
		{DCCBB883-D3B5-486A-8658-4E469C575023}.Release_EX803|Win32.Build.0 = Release_EX803|Win32
		{DCCBB883-D3B5-486A-8658-4E469C575023}.Release_EX803CS|Win32.ActiveCfg = Release_EX803|Win32
		{DCCBB883-D3B5-486A-8658-4E469C575023}.Release_EX803CS|Win32.Build.0 = Release_EX803|Win32
		{1BEFA73B-17C6-4E97-A35F-A4CBFA7678A1}.Debug|Win32.ActiveCfg = Debug|Win32
		{1BEFA73B-17C6-4E97-A35F-A4CBFA7678A1}.Debug|Win32.Build.0 = Debug|Win32
		{1BEFA73B-17C6-4E97-A35F-A4CBFA7678A1}.NewClient|Win32.ActiveCfg = NewClient|Win32
		{1BEFA73B-17C6-4E97-A35F-A4CBFA7678A1}.NewClient|Win32.Build.0 = NewClient|Win32
		{1BEFA73B-17C6-4E97-A35F-A4CBFA7678A1}.NewClientCS|Win32.ActiveCfg = NewClientCS|Win32
		{1BEFA73B-17C6-4E97-A35F-A4CBFA7678A1}.NewClientCS|Win32.Build.0 = NewClientCS|Win32
		{1BEFA73B-17C6-4E97-A35F-A4CBFA7678A1}.Release_EX401|Win32.ActiveCfg = Release_EX401|Win32
		{1BEFA73B-17C6-4E97-A35F-A4CBFA7678A1}.Release_EX401|Win32.Build.0 = Release_EX401|Win32
		{1BEFA73B-17C6-4E97-A35F-A4CBFA7678A1}.Release_EX401CS|Win32.ActiveCfg = Release_EX401|Win32
		{1BEFA73B-17C6-4E97-A35F-A4CBFA7678A1}.Release_EX401CS|Win32.Build.0 = Release_EX401|Win32
		{1BEFA73B-17C6-4E97-A35F-A4CBFA7678A1}.Release_EX603|Win32.ActiveCfg = Release_EX603|Win32
		{1BEFA73B-17C6-4E97-A35F-A4CBFA7678A1}.Release_EX603|Win32.Build.0 = Release_EX603|Win32
		{1BEFA73B-17C6-4E97-A35F-A4CBFA7678A1}.Release_EX603CS|Win32.ActiveCfg = Release_EX603|Win32
		{1BEFA73B-17C6-4E97-A35F-A4CBFA7678A1}.Release_EX603CS|Win32.Build.0 = Release_EX603|Win32
		{1BEFA73B-17C6-4E97-A35F-A4CBFA7678A1}.Release_EX803|Win32.ActiveCfg = Release_EX803|Win32
		{1BEFA73B-17C6-4E97-A35F-A4CBFA7678A1}.Release_EX803|Win32.Build.0 = Release_EX803|Win32
		{1BEFA73B-17C6-4E97-A35F-A4CBFA7678A1}.Release_EX803CS|Win32.ActiveCfg = Release_EX803|Win32
		{1BEFA73B-17C6-4E97-A35F-A4CBFA7678A1}.Release_EX803CS|Win32.Build.0 = Release_EX803|Win32
		{D6A9A3F3-1312-4494-85B8-7CE7DD4D78F4}.Debug|Win32.ActiveCfg = Debug|Win32
		{D6A9A3F3-1312-4494-85B8-7CE7DD4D78F4}.Debug|Win32.Build.0 = Debug|Win32
		{D6A9A3F3-1312-4494-85B8-7CE7DD4D78F4}.NewClient|Win32.ActiveCfg = Release|Win32
		{D6A9A3F3-1312-4494-85B8-7CE7DD4D78F4}.NewClient|Win32.Build.0 = Release|Win32
		{D6A9A3F3-1312-4494-85B8-7CE7DD4D78F4}.NewClientCS|Win32.ActiveCfg = Release|Win32
		{D6A9A3F3-1312-4494-85B8-7CE7DD4D78F4}.NewClientCS|Win32.Build.0 = Release|Win32
		{D6A9A3F3-1312-4494-85B8-7CE7DD4D78F4}.Release_EX401|Win32.ActiveCfg = Release|Win32
		{D6A9A3F3-1312-4494-85B8-7CE7DD4D78F4}.Release_EX401|Win32.Build.0 = Release|Win32
		{D6A9A3F3-1312-4494-85B8-7CE7DD4D78F4}.Release_EX401CS|Win32.ActiveCfg = Release|Win32
		{D6A9A3F3-1312-4494-85B8-7CE7DD4D78F4}.Release_EX401CS|Win32.Build.0 = Release|Win32
		{D6A9A3F3-1312-4494-85B8-7CE7DD4D78F4}.Release_EX603|Win32.ActiveCfg = Release|Win32
		{D6A9A3F3-1312-4494-85B8-7CE7DD4D78F4}.Release_EX603CS|Win32.ActiveCfg = Release|Win32
		{D6A9A3F3-1312-4494-85B8-7CE7DD4D78F4}.Release_EX803|Win32.ActiveCfg = Release|Win32
		{D6A9A3F3-1312-4494-85B8-7CE7DD4D78F4}.Release_EX803|Win32.Build.0 = Release|Win32
		{D6A9A3F3-1312-4494-85B8-7CE7DD4D78F4}.Release_EX803CS|Win32.ActiveCfg = Release|Win32
		{D6A9A3F3-1312-4494-85B8-7CE7DD4D78F4}.Release_EX803CS|Win32.Build.0 = Release|Win32
		{9E74B452-FE38-4218-92F0-04D9433C698A}.Debug|Win32.ActiveCfg = Debug|Win32
		{9E74B452-FE38-4218-92F0-04D9433C698A}.Debug|Win32.Build.0 = Debug|Win32
		{9E74B452-FE38-4218-92F0-04D9433C698A}.NewClient|Win32.ActiveCfg = Release|Win32
		{9E74B452-FE38-4218-92F0-04D9433C698A}.NewClient|Win32.Build.0 = Release|Win32
		{9E74B452-FE38-4218-92F0-04D9433C698A}.NewClientCS|Win32.ActiveCfg = Release|Win32
		{9E74B452-FE38-4218-92F0-04D9433C698A}.NewClientCS|Win32.Build.0 = Release|Win32
		{9E74B452-FE38-4218-92F0-04D9433C698A}.Release_EX401|Win32.ActiveCfg = Release|Win32
		{9E74B452-FE38-4218-92F0-04D9433C698A}.Release_EX401|Win32.Build.0 = Release|Win32
		{9E74B452-FE38-4218-92F0-04D9433C698A}.Release_EX401CS|Win32.ActiveCfg = Release|Win32
		{9E74B452-FE38-4218-92F0-04D9433C698A}.Release_EX401CS|Win32.Build.0 = Release|Win32
		{9E74B452-FE38-4218-92F0-04D9433C698A}.Release_EX603|Win32.ActiveCfg = Release|Win32
		{9E74B452-FE38-4218-92F0-04D9433C698A}.Release_EX603CS|Win32.ActiveCfg = Release|Win32
		{9E74B452-FE38-4218-92F0-04D9433C698A}.Release_EX803|Win32.ActiveCfg = Release|Win32
		{9E74B452-FE38-4218-92F0-04D9433C698A}.Release_EX803|Win32.Build.0 = Release|Win32
		{9E74B452-FE38-4218-92F0-04D9433C698A}.Release_EX803CS|Win32.ActiveCfg = Release|Win32
		{9E74B452-FE38-4218-92F0-04D9433C698A}.Release_EX803CS|Win32.Build.0 = Release|Win32
		{54285DAD-577B-43C1-905D-7B0A99E968ED}.Debug|Win32.ActiveCfg = Debug|Win32
		{54285DAD-577B-43C1-905D-7B0A99E968ED}.Debug|Win32.Build.0 = Debug|Win32
		{54285DAD-577B-43C1-905D-7B0A99E968ED}.NewClient|Win32.ActiveCfg = Release|Win32
		{54285DAD-577B-43C1-905D-7B0A99E968ED}.NewClient|Win32.Build.0 = Release|Win32
		{54285DAD-577B-43C1-905D-7B0A99E968ED}.NewClientCS|Win32.ActiveCfg = Release|Win32
		{54285DAD-577B-43C1-905D-7B0A99E968ED}.NewClientCS|Win32.Build.0 = Release|Win32
		{54285DAD-577B-43C1-905D-7B0A99E968ED}.Release_EX401|Win32.ActiveCfg = Release|Win32
		{54285DAD-577B-43C1-905D-7B0A99E968ED}.Release_EX401|Win32.Build.0 = Release|Win32
		{54285DAD-577B-43C1-905D-7B0A99E968ED}.Release_EX401CS|Win32.ActiveCfg = Release|Win32
		{54285DAD-577B-43C1-905D-7B0A99E968ED}.Release_EX401CS|Win32.Build.0 = Release|Win32
		{54285DAD-577B-43C1-905D-7B0A99E968ED}.Release_EX603|Win32.ActiveCfg = Release|Win32
		{54285DAD-577B-43C1-905D-7B0A99E968ED}.Release_EX603CS|Win32.ActiveCfg = Release|Win32
		{54285DAD-577B-43C1-905D-7B0A99E968ED}.Release_EX803|Win32.ActiveCfg = Release|Win32
		{54285DAD-577B-43C1-905D-7B0A99E968ED}.Release_EX803|Win32.Build.0 = Release|Win32
		{54285DAD-577B-43C1-905D-7B0A99E968ED}.Release_EX803CS|Win32.ActiveCfg = Release|Win32
		{54285DAD-577B-43C1-905D-7B0A99E968ED}.Release_EX803CS|Win32.Build.0 = Release|Win32
	EndGlobalSection
	GlobalSection(SolutionProperties) = preSolution
		HideSolutionNode = FALSE
	EndGlobalSection
	GlobalSection(NestedProjects) = preSolution
		{D6A9A3F3-1312-4494-85B8-7CE7DD4D78F4} = {4CE5F99C-9748-4F31-8015-54BD5FFE8685}
		{9E74B452-FE38-4218-92F0-04D9433C698A} = {4CE5F99C-9748-4F31-8015-54BD5FFE8685}
		{54285DAD-577B-43C1-905D-7B0A99E968ED} = {4CE5F99C-9748-4F31-8015-54BD5FFE8685}
	EndGlobalSection
	GlobalSection(ExtensibilityGlobals) = postSolution
		SolutionGuid = {9C2512D2-E0CF-40BA-9CD7-2C498EA2D0CF}
	EndGlobalSection
EndGlobal
