<?xml version="1.0" encoding="utf-8"?>
<Project ToolsVersion="4.0" xmlns="http://schemas.microsoft.com/developer/msbuild/2003">
  <ItemGroup>
    <Filter Include="Source Files">
      <UniqueIdentifier>{4FC737F1-C7A5-4376-A066-2A32D752A2FF}</UniqueIdentifier>
      <Extensions>cpp;c;cc;cxx;def;odl;idl;hpj;bat;asm;asmx</Extensions>
    </Filter>
    <Filter Include="Header Files">
      <UniqueIdentifier>{93995380-89BD-4b04-88EB-625FBE52EBFB}</UniqueIdentifier>
      <Extensions>h;hpp;hxx;hm;inl;inc;xsd</Extensions>
    </Filter>
    <Filter Include="Resource Files">
      <UniqueIdentifier>{67DA6AB6-F800-4c08-8B7A-83BB121AAD01}</UniqueIdentifier>
      <Extensions>rc;ico;cur;bmp;dlg;rc2;rct;bin;rgs;gif;jpg;jpeg;jpe;resx;tiff;tif;png;wav;mfcribbon-ms</Extensions>
    </Filter>
    <Filter Include="Source Files\DiabloDBSet">
      <UniqueIdentifier>{ebae828b-ee9d-485f-8e86-3fad20c15175}</UniqueIdentifier>
    </Filter>
    <Filter Include="Source Files\GoldenArcher">
      <UniqueIdentifier>{5f6f2978-bfa6-48b6-bce2-872781968597}</UniqueIdentifier>
    </Filter>
    <Filter Include="Source Files\OfflineData">
      <UniqueIdentifier>{6ddb4438-bf00-41d6-b953-871b59b3764b}</UniqueIdentifier>
    </Filter>
    <Filter Include="Source Files\GuildWarehouse">
      <UniqueIdentifier>{ba3f3ddc-ac59-4761-8838-c82ff43d77f8}</UniqueIdentifier>
    </Filter>
    <Filter Include="Source Files\Rankings">
      <UniqueIdentifier>{cd830eb3-be66-4252-b434-a03fba033ca8}</UniqueIdentifier>
    </Filter>
    <Filter Include="Source Files\QueryData">
      <UniqueIdentifier>{ac38463f-6255-4cf2-b00e-6f1f0959935b}</UniqueIdentifier>
    </Filter>
    <Filter Include="Source Files\ItemMarket">
      <UniqueIdentifier>{7f3ddaff-3a87-4cd3-b8a3-76c81ff7f613}</UniqueIdentifier>
    </Filter>
  </ItemGroup>
  <ItemGroup>
    <None Include="ReadMe.txt" />
    <None Include="small.ico">
      <Filter>Resource Files</Filter>
    </None>
    <None Include="DataServer.ico">
      <Filter>Resource Files</Filter>
    </None>
    <None Include="icon.ico">
      <Filter>Resource Files</Filter>
    </None>
  </ItemGroup>
  <ItemGroup>
    <ClInclude Include="stdafx.h">
      <Filter>Header Files</Filter>
    </ClInclude>
    <ClInclude Include="Resource.h">
      <Filter>Header Files</Filter>
    </ClInclude>
    <ClInclude Include="DataServer.h">
      <Filter>Header Files</Filter>
    </ClInclude>
    <ClInclude Include="AllowableIpList.h">
      <Filter>Header Files</Filter>
    </ClInclude>
    <ClInclude Include="BadSyntax.h">
      <Filter>Header Files</Filter>
    </ClInclude>
    <ClInclude Include="CriticalSection.h">
      <Filter>Header Files</Filter>
    </ClInclude>
    <ClInclude Include="DataServerProtocol.h">
      <Filter>Header Files</Filter>
    </ClInclude>
    <ClInclude Include="QueryManager.h">
      <Filter>Header Files</Filter>
    </ClInclude>
    <ClInclude Include="Queue.h">
      <Filter>Header Files</Filter>
    </ClInclude>
    <ClInclude Include="ServerDisplayer.h">
      <Filter>Header Files</Filter>
    </ClInclude>
    <ClInclude Include="ServerManager.h">
      <Filter>Header Files</Filter>
    </ClInclude>
    <ClInclude Include="SocketManager.h">
      <Filter>Header Files</Filter>
    </ClInclude>
    <ClInclude Include="Util.h">
      <Filter>Header Files</Filter>
    </ClInclude>
    <ClInclude Include="MemScript.h">
      <Filter>Header Files</Filter>
    </ClInclude>
    <ClInclude Include="Protect.h">
      <Filter>Header Files</Filter>
    </ClInclude>
    <ClInclude Include="ThemidaSDK.h">
      <Filter>Header Files</Filter>
    </ClInclude>
    <ClInclude Include="Log.h">
      <Filter>Header Files</Filter>
    </ClInclude>
    <ClInclude Include="CastleDBSet.h">
      <Filter>Header Files</Filter>
    </ClInclude>
    <ClInclude Include="MiniDump.h">
      <Filter>Header Files</Filter>
    </ClInclude>
    <ClInclude Include="CharacterManager.h">
      <Filter>Header Files</Filter>
    </ClInclude>
    <ClInclude Include="GuildMatching.h">
      <Filter>Header Files</Filter>
    </ClInclude>
    <ClInclude Include="PartyMatching.h">
      <Filter>Header Files</Filter>
    </ClInclude>
    <ClInclude Include="CashShop.h">
      <Filter>Header Files</Filter>
    </ClInclude>
    <ClInclude Include="GensSystem.h">
      <Filter>Header Files</Filter>
    </ClInclude>
    <ClInclude Include="Warehouse.h">
      <Filter>Header Files</Filter>
    </ClInclude>
    <ClInclude Include="PersonalShop.h">
      <Filter>Header Files</Filter>
    </ClInclude>
    <ClInclude Include="EventInventory.h">
      <Filter>Header Files</Filter>
    </ClInclude>
    <ClInclude Include="MuunSystem.h">
      <Filter>Header Files</Filter>
    </ClInclude>
    <ClInclude Include="PentagramSystem.h">
      <Filter>Header Files</Filter>
    </ClInclude>
    <ClInclude Include="LuckyItem.h">
      <Filter>Header Files</Filter>
    </ClInclude>
    <ClInclude Include="Helper.h">
      <Filter>Header Files</Filter>
    </ClInclude>
    <ClInclude Include="QuestWorld.h">
      <Filter>Header Files</Filter>
    </ClInclude>
    <ClInclude Include="MasterSkillTree.h">
      <Filter>Header Files</Filter>
    </ClInclude>
    <ClInclude Include="Quest.h">
      <Filter>Header Files</Filter>
    </ClInclude>
    <ClInclude Include="PcPoint.h">
      <Filter>Header Files</Filter>
    </ClInclude>
    <ClInclude Include="LuckyCoin.h">
      <Filter>Header Files</Filter>
    </ClInclude>
    <ClInclude Include="NpcTalk.h">
      <Filter>Header Files</Filter>
    </ClInclude>
    <ClInclude Include="ESProtocol.h">
      <Filter>Header Files</Filter>
    </ClInclude>
    <ClInclude Include="GuildManager.h">
      <Filter>Header Files</Filter>
    </ClInclude>
    <ClInclude Include="CSProtocol.h">
      <Filter>Header Files</Filter>
    </ClInclude>
    <ClInclude Include="CommandManager.h">
      <Filter>Header Files</Filter>
    </ClInclude>
    <ClInclude Include="MuRummy.h">
      <Filter>Header Files</Filter>
    </ClInclude>
    <ClInclude Include="ArcaBattle.h">
      <Filter>Header Files</Filter>
    </ClInclude>
    <ClInclude Include="DiabloDBSet.h">
      <Filter>Source Files\DiabloDBSet</Filter>
    </ClInclude>
    <ClInclude Include="GoldenArcher.h">
      <Filter>Source Files\GoldenArcher</Filter>
    </ClInclude>
    <ClInclude Include="OfflineData.h">
      <Filter>Source Files\OfflineData</Filter>
    </ClInclude>
    <ClInclude Include="GuildWarehouse.h">
      <Filter>Source Files\GuildWarehouse</Filter>
    </ClInclude>
    <ClInclude Include="Rankings.h">
      <Filter>Source Files\Rankings</Filter>
    </ClInclude>
    <ClInclude Include="QueryData.h">
      <Filter>Source Files\QueryData</Filter>
    </ClInclude>
    <ClInclude Include="ItemMarket.h">
      <Filter>Source Files\ItemMarket</Filter>
    </ClInclude>
  </ItemGroup>
  <ItemGroup>
    <ClCompile Include="stdafx.cpp">
      <Filter>Source Files</Filter>
    </ClCompile>
    <ClCompile Include="DataServer.cpp">
      <Filter>Source Files</Filter>
    </ClCompile>
    <ClCompile Include="AllowableIpList.cpp">
      <Filter>Source Files</Filter>
    </ClCompile>
    <ClCompile Include="BadSyntax.cpp">
      <Filter>Source Files</Filter>
    </ClCompile>
    <ClCompile Include="CriticalSection.cpp">
      <Filter>Source Files</Filter>
    </ClCompile>
    <ClCompile Include="DataServerProtocol.cpp">
      <Filter>Source Files</Filter>
    </ClCompile>
    <ClCompile Include="MemScript.cpp">
      <Filter>Source Files</Filter>
    </ClCompile>
    <ClCompile Include="QueryManager.cpp">
      <Filter>Source Files</Filter>
    </ClCompile>
    <ClCompile Include="Queue.cpp">
      <Filter>Source Files</Filter>
    </ClCompile>
    <ClCompile Include="ServerDisplayer.cpp">
      <Filter>Source Files</Filter>
    </ClCompile>
    <ClCompile Include="ServerManager.cpp">
      <Filter>Source Files</Filter>
    </ClCompile>
    <ClCompile Include="SocketManager.cpp">
      <Filter>Source Files</Filter>
    </ClCompile>
    <ClCompile Include="Util.cpp">
      <Filter>Source Files</Filter>
    </ClCompile>
    <ClCompile Include="Protect.cpp">
      <Filter>Source Files</Filter>
    </ClCompile>
    <ClCompile Include="Log.cpp">
      <Filter>Source Files</Filter>
    </ClCompile>
    <ClCompile Include="CastleDBSet.cpp">
      <Filter>Source Files</Filter>
    </ClCompile>
    <ClCompile Include="MiniDump.cpp">
      <Filter>Source Files</Filter>
    </ClCompile>
    <ClCompile Include="CharacterManager.cpp">
      <Filter>Source Files</Filter>
    </ClCompile>
    <ClCompile Include="GuildMatching.cpp">
      <Filter>Source Files</Filter>
    </ClCompile>
    <ClCompile Include="PartyMatching.cpp">
      <Filter>Source Files</Filter>
    </ClCompile>
    <ClCompile Include="CashShop.cpp">
      <Filter>Source Files</Filter>
    </ClCompile>
    <ClCompile Include="GensSystem.cpp">
      <Filter>Source Files</Filter>
    </ClCompile>
    <ClCompile Include="Warehouse.cpp">
      <Filter>Source Files</Filter>
    </ClCompile>
    <ClCompile Include="PersonalShop.cpp">
      <Filter>Source Files</Filter>
    </ClCompile>
    <ClCompile Include="EventInventory.cpp">
      <Filter>Source Files</Filter>
    </ClCompile>
    <ClCompile Include="MuunSystem.cpp">
      <Filter>Source Files</Filter>
    </ClCompile>
    <ClCompile Include="PentagramSystem.cpp">
      <Filter>Source Files</Filter>
    </ClCompile>
    <ClCompile Include="LuckyItem.cpp">
      <Filter>Source Files</Filter>
    </ClCompile>
    <ClCompile Include="Helper.cpp">
      <Filter>Source Files</Filter>
    </ClCompile>
    <ClCompile Include="QuestWorld.cpp">
      <Filter>Source Files</Filter>
    </ClCompile>
    <ClCompile Include="MasterSkillTree.cpp">
      <Filter>Source Files</Filter>
    </ClCompile>
    <ClCompile Include="Quest.cpp">
      <Filter>Source Files</Filter>
    </ClCompile>
    <ClCompile Include="PcPoint.cpp">
      <Filter>Source Files</Filter>
    </ClCompile>
    <ClCompile Include="LuckyCoin.cpp">
      <Filter>Source Files</Filter>
    </ClCompile>
    <ClCompile Include="NpcTalk.cpp">
      <Filter>Source Files</Filter>
    </ClCompile>
    <ClCompile Include="ESProtocol.cpp">
      <Filter>Source Files</Filter>
    </ClCompile>
    <ClCompile Include="GuildManager.cpp">
      <Filter>Source Files</Filter>
    </ClCompile>
    <ClCompile Include="CSProtocol.cpp">
      <Filter>Source Files</Filter>
    </ClCompile>
    <ClCompile Include="CommandManager.cpp">
      <Filter>Source Files</Filter>
    </ClCompile>
    <ClCompile Include="MuRummy.cpp">
      <Filter>Source Files</Filter>
    </ClCompile>
    <ClCompile Include="ArcaBattle.cpp">
      <Filter>Source Files</Filter>
    </ClCompile>
    <ClCompile Include="DiabloDBSet.cpp">
      <Filter>Source Files\DiabloDBSet</Filter>
    </ClCompile>
    <ClCompile Include="GoldenArcher.cpp">
      <Filter>Source Files\GoldenArcher</Filter>
    </ClCompile>
    <ClCompile Include="OfflineData.cpp">
      <Filter>Source Files\OfflineData</Filter>
    </ClCompile>
    <ClCompile Include="GuildWarehouse.cpp">
      <Filter>Source Files\GuildWarehouse</Filter>
    </ClCompile>
    <ClCompile Include="Rankings.cpp">
      <Filter>Source Files\Rankings</Filter>
    </ClCompile>
    <ClCompile Include="QueryData.cpp">
      <Filter>Source Files\QueryData</Filter>
    </ClCompile>
    <ClCompile Include="ItemMarket.cpp">
      <Filter>Source Files\ItemMarket</Filter>
    </ClCompile>
  </ItemGroup>
  <ItemGroup>
    <ResourceCompile Include="DataServer.rc">
      <Filter>Resource Files</Filter>
    </ResourceCompile>
  </ItemGroup>
</Project>